version = 1
revision = 5
requires-python = ">=3.11"

[[package]]
name = "attrs"
version = "26.1.0"
source = { registry = "https://pypi.org/simple" }
sdist = { url = "https://files.pythonhosted.org/packages/9a/8e/82a0fe20a541c03148528be8cac2408564a6c9a0cc7e9171802bc1d26985/attrs-26.1.0.tar.gz", hash = "sha256:d03ceb89cb322a8fd706d4fb91940737b6642aa36998fe130a9bc96c985eff32", size = 952055, upload-time = "2026-03-19T14:22:25.026Z" }
wheels = [
    { url = "https://files.pythonhosted.org/packages/64/b4/17d4b0b2a2dc85a6df63d1157e028ed19f90d4cd97c36717afef2bc2f395/attrs-26.1.0-py3-none-any.whl", hash = "sha256:c647aa4a12dfbad9333ca4e71fe62ddc36f4e63b2d260a37a8b83d2f043ac309", size = 67548, upload-time = "2026-03-19T14:22:23.645Z" },
]

[[package]]
name = "basedpyright"
version = "1.40.1"
source = { registry = "https://pypi.org/simple" }
dependencies = [
    { name = "nodejs-wheel-binaries" },
]
sdist = { url = "https://files.pythonhosted.org/packages/38/ee/8d0b6806338b13526303cf72754351221a32cdb80ab56dcf2c91d6b1ea57/basedpyright-1.40.1.tar.gz", hash = "sha256:da1c9913b6d169340a0dbb6df76ea97f476ccb697da8f92659ac46032f6d2ce8", size = 25131254, upload-time = "2026-09-10T23:17:24.559Z" }
wheels = [
    { url = "https://files.pythonhosted.org/packages/b2/84/c1e1e845d0453253a98d1ba188d68597f0ba7e552eeabea514d9395d418a/basedpyright-1.40.1-py3-none-any.whl", hash = "sha256:222dc0382caf9816eb23a27cb7059fa96356ddc500b3b7b306072848fd650244", size = 13689276, upload-time = "2026-09-10T23:17:20.322Z" },
]

[[package]]
name = "click"
version = "8.5.0"
source = { registry = "https://pypi.org/simple" }
sdist = { url = "https://files.pythonhosted.org/packages/c7/0e/7fa0ef50764b67090eca4114772a2abf8b6148198475e54c660b97caeee6/click-8.5.0.tar.gz", hash = "sha256:ba0d2089de75ea0310e2dde03160e6ca10009947fb95a182f9b54021bb272e34", size = 382235, upload-time = "2026-08-26T13:33:14.56Z" }
wheels = [
    { url = "https://files.pythonhosted.org/packages/58/50/6c0d534c5f134586a8e1ba4e330569e32f057e33372ae556463212fb4cd3/click-8.5.0-py3-none-any.whl", hash = "sha256:255bc9599cf7748b4b1a446ccc735421bd08a2ae529a8b88597d3de5664ee360", size = 125251, upload-time = "2026-08-26T13:33:12.928Z" },
]

[[package]]
name = "colorama"
version = "0.4.6"
source = { registry = "https://pypi.org/simple" }
sdist = { url = "https://files.pythonhosted.org/packages/d8/53/6f443c9a4a8358a93a6792e2acffb9d9d5cb0a5cfd8802644b7b1c9a02e4/colorama-0.4.6.tar.gz", hash = "sha256:08695f5cb7ed6e0531a20572697297273c47b8cae5a63ffc6d6ed5c201be6e44", size = 27697, upload-time = "2022-10-25T02:36:22.414Z" }
wheels = [
    { url = "https://files.pythonhosted.org/packages/d1/d6/3965ed04c63042e047cb6a3e6ed1a63a35087b6a609aa3a15ed8ac56c221/colorama-0.4.6-py2.py3-none-any.whl", hash = "sha256:4f1d9991f5acc0ca119f9d443620b77f9d6b33703e51011c16baf57afb285fc6", size = 25335, upload-time = "2022-10-25T02:36:20.889Z" },
]

[[package]]
name = "cyclopts"
version = "5.1.0"
source = { registry = "https://pypi.org/simple" }
dependencies = [
    { name = "attrs" },
    { name = "docstring-parser" },
    { name = "rich" },
    { name = "rich-rst" },
]
sdist = { url = "https://files.pythonhosted.org/packages/1b/61/efe6e31020ee4312318b702696dd7add1b0a15b205b04590f984972c3488/cyclopts-5.1.0.tar.gz", hash = "sha256:c51aa364e746285c24eaa5c3b425ead59cc8bdb71b98c11f0343baddcb0a9c80", size = 237747, upload-time = "2026-09-29T19:02:25.122Z" }
wheels = [
    { url = "https://files.pythonhosted.org/packages/28/1a/105abe8a0a1e8181df870ad8117d95a89c5a39f6aaf96509c8f04ff2aba9/cyclopts-5.1.0-py3-none-any.whl", hash = "sha256:adcddef2e86cf63383fb798aaa0767933961f499ced53f8db43a63e393c1b4ae", size = 279365, upload-time = "2026-09-29T19:02:23.499Z" },
]

[[package]]
name = "docstring-parser"
version = "0.18.0"
source = { registry = "https://pypi.org/simple" }
sdist = { url = "https://files.pythonhosted.org/packages/e0/4d/f332313098c1de1b2d2ff91cf2674415cc7cddab2ca1b01ae29774bd5fdf/docstring_parser-0.18.0.tar.gz", hash = "sha256:292510982205c12b1248696f44959db3cdd1740237a968ea1e2e7a900eeb2015", size = 29341, upload-time = "2026-04-14T04:09:19.867Z" }
wheels = [
    { url = "https://files.pythonhosted.org/packages/a7/5f/ed01f9a3cdffbd5a008556fc7b2a08ddb1cc6ace7effa7340604b1d16699/docstring_parser-0.18.0-py3-none-any.whl", hash = "sha256:b3fcbed555c47d8479be0796ef7e19c2670d428d72e96da63f3a40122860374b", size = 22484, upload-time = "2026-04-14T04:09:18.638Z" },
]

[[package]]
name = "fromargs"
version = "0.2.0"
source = { directory = "lib/fromargs" }
dependencies = [
    { name = "cyclopts" },
]

[package.metadata]
requires-dist = [{ name = "cyclopts", specifier = ">=5,<6" }]

[package.metadata.requires-dev]
dev = [
    { name = "basedpyright", specifier = "==1.40.1" },
    { name = "pytest", specifier = ">=8" },
]

[[package]]
name = "gepa"
version = "0.1.4"
source = { registry = "https://pypi.org/simple" }
sdist = { url = "https://files.pythonhosted.org/packages/95/56/925779e5690971f1b022f7d107caf015c33ec09560261273ec137e23a8f2/gepa-0.1.4.tar.gz", hash = "sha256:6dd153a676ae5481764860d19286a9c0e8ddb5ef70d7f13044faf24978bdb6b8", size = 351343, upload-time = "2026-07-15T14:53:59.929Z" }
wheels = [
    { url = "https://files.pythonhosted.org/packages/fd/77/5b3a281cfd9caaa9e68349b434cf27f1ca448003ee0067a1ae2184dc52d1/gepa-0.1.4-py3-none-any.whl", hash = "sha256:12b971039599625c156d2231f6d72a29c31a22e9c237689459b5f1a3c353f532", size = 290167, upload-time = "2026-07-15T14:53:58.422Z" },
]

[[package]]
name = "iniconfig"
version = "2.3.1"
source = { registry = "https://pypi.org/simple" }
sdist = { url = "https://files.pythonhosted.org/packages/01/e1/2069291243c926a2ff1cd706c7f3eeb9b62144bf60f77c9fb9ff2fb26bd3/iniconfig-2.3.1.tar.gz", hash = "sha256:67f4b9c50da0dedf52af349e7749a80a9057a5031199791b906c3bb3ae878960", size = 21209, upload-time = "2026-10-06T22:48:38.076Z" }
wheels = [
    { url = "https://files.pythonhosted.org/packages/56/43/4ca9e49d27a1fcf6bece6f6aec0ea46bb9112489b93d4b688fb415457bdb/iniconfig-2.3.1-py3-none-any.whl", hash = "sha256:9121e2c1fdb355232495be3194c8dfe87ccc2d5dee45947b78e68f499790d7a7", size = 7552, upload-time = "2026-10-06T22:48:36.959Z" },
]

[[package]]
name = "markdown-it-py"
version = "4.2.0"
source = { registry = "https://pypi.org/simple" }
dependencies = [
    { name = "mdurl" },
]
sdist = { url = "https://files.pythonhosted.org/packages/06/ff/7841249c247aa650a76b9ee4bbaeae59370dc8bfd2f6c01f3630c35eb134/markdown_it_py-4.2.0.tar.gz", hash = "sha256:04a21681d6fbb623de53f6f364d352309d4094dd4194040a10fd51833e418d49", size = 82454, upload-time = "2026-05-07T12:08:28.36Z" }
wheels = [
    { url = "https://files.pythonhosted.org/packages/b3/81/4da04ced5a082363ecfa159c010d200ecbd959ae410c10c0264a38cac0f5/markdown_it_py-4.2.0-py3-none-any.whl", hash = "sha256:9f7ebbcd14fe59494226453aed97c1070d83f8d24b6fc3a3bcf9a38092641c4a", size = 91687, upload-time = "2026-05-07T12:08:27.182Z" },
]

[[package]]
name = "mdurl"
version = "0.1.2"
source = { registry = "https://pypi.org/simple" }
sdist = { url = "https://files.pythonhosted.org/packages/d6/54/cfe61301667036ec958cb99bd3efefba235e65cdeb9c84d24a8293ba1d90/mdurl-0.1.2.tar.gz", hash = "sha256:bb413d29f5eea38f31dd4754dd7377d4465116fb207585f97bf925588687c1ba", size = 8729, upload-time = "2022-08-14T12:40:10.846Z" }
wheels = [
    { url = "https://files.pythonhosted.org/packages/b3/38/89ba8ad64ae25be8de66a6d463314cf1eb366222074cfda9ee839c56a4b4/mdurl-0.1.2-py3-none-any.whl", hash = "sha256:84008a41e51615a49fc9966191ff91509e3c40b939176e643fd50a5c2196b8f8", size = 9979, upload-time = "2022-08-14T12:40:09.779Z" },
]

[[package]]
name = "nodejs-wheel-binaries"
version = "24.19.0"
source = { registry = "https://pypi.org/simple" }
sdist = { url = "https://files.pythonhosted.org/packages/c0/76/7e97195e14346598565a0de4ca8bdbd5e634b3fb5b1ba590b7b1b89f8a63/nodejs_wheel_binaries-24.19.0.tar.gz", hash = "sha256:db217eef8cab8551667863379b08db4d9067403f6cbbe87481eb40edceb8aa9b", size = 8058, upload-time = "2026-08-19T21:47:19.671Z" }
wheels = [
    { url = "https://files.pythonhosted.org/packages/8c/52/0774b52c7be8151ad9d5aff44edc100c3f13d6d8eb3765f63ffa40e69fe8/nodejs_wheel_binaries-24.19.0-py2.py3-none-macosx_13_0_arm64.whl", hash = "sha256:e12cbfd69089504e42fb14194ce734a9dcf3eb38c820ca63dd511d36fb964e9c", size = 56047203, upload-time = "2026-08-19T21:46:43.448Z" },
    { url = "https://files.pythonhosted.org/packages/67/3a/4fdbbfecf2c23d52c0e3f68de7f7c1b3c97a26d328c69c5f6c49c48e340e/nodejs_wheel_binaries-24.19.0-py2.py3-none-macosx_13_0_x86_64.whl", hash = "sha256:1c890adf4b7e6556ccc1ca66c866bb81884b6c9a581dee4e530dc7f78fb9d514", size = 56219459, upload-time = "2026-08-19T21:46:48.45Z" },
    { url = "https://files.pythonhosted.org/packages/5f/a8/0147149415195c59b8a72a594916bfb80d6be4d586f9fbfda313889e0efc/nodejs_wheel_binaries-24.19.0-py2.py3-none-manylinux_2_28_aarch64.whl", hash = "sha256:4e029dadfae1295876063c96b236f673487e8c27379fe146c1e2250283520227", size = 60588256, upload-time = "2026-08-19T21:46:53.298Z" },
    { url = "https://files.pythonhosted.org/packages/f4/89/6631d0982353da1bb7bc00bb1988f702822c62b42634f57999ee53b5c337/nodejs_wheel_binaries-24.19.0-py2.py3-none-manylinux_2_28_x86_64.whl", hash = "sha256:4196a947bcc883f2003ab101762d729f3e99b5e86b75bd09151563403e2eceb8", size = 61123607, upload-time = "2026-08-19T21:46:58.117Z" },
    { url = "https://files.pythonhosted.org/packages/32/a2/fa30f0841e4602995782e124359f9b910c7b481d98decf61ef0b2fc3ebfb/nodejs_wheel_binaries-24.19.0-py2.py3-none-musllinux_1_2_aarch64.whl", hash = "sha256:352e048ab4dd35e7de5f338d1cc4fcbf77a0e93da30bf7336a8217ee246b31d7", size = 62632842, upload-time = "2026-08-19T21:47:03.42Z" },
    { url = "https://files.pythonhosted.org/packages/18/01/22d97ca72213f66cc386ee638db30c2e62757fdf761c6029074bced83d1c/nodejs_wheel_binaries-24.19.0-py2.py3-none-musllinux_1_2_x86_64.whl", hash = "sha256:28d078b2ced9e2069516e652dc4b1380e7a1a7f2d3934eccd1611586d283ba4c", size = 63250653, upload-time = "2026-08-19T21:47:07.938Z" },
    { url = "https://files.pythonhosted.org/packages/88/d1/e3be8fa327a795bcaf7a19cd84299e338a7bce32ff0665fdce9cfa22573c/nodejs_wheel_binaries-24.19.0-py2.py3-none-win_amd64.whl", hash = "sha256:67e3abeb9c3830cae8c8487ae8a2af7cc27dfa75af06145cee5ca7d1857c81bd", size = 42448503, upload-time = "2026-08-19T21:47:12.093Z" },
    { url = "https://files.pythonhosted.org/packages/1d/37/34cf28ba1691a060174948a9927fe61091982d6048b2e403071a9acce443/nodejs_wheel_binaries-24.19.0-py2.py3-none-win_arm64.whl", hash = "sha256:d9074c665ea68b04e183d82482c86dc907d3a9bd15eb6cf85542cb785266bb36", size = 40090155, upload-time = "2026-08-19T21:47:16.032Z" },
]

[[package]]
name = "packaging"
version = "26.3"
source = { registry = "https://pypi.org/simple" }
sdist = { url = "https://files.pythonhosted.org/packages/7d/fa/3944b40b07da9ce895c0e6303a5ab7d53da063554f534556b134a54d6093/packaging-26.3.tar.gz", hash = "sha256:94edc256424af38762eb31306eed28beb9f0efc50a8837492c9d6fd6004aed79", size = 313412, upload-time = "2026-08-04T18:15:28.737Z" }
wheels = [
    { url = "https://files.pythonhosted.org/packages/63/34/ba1c580383c9eada3711951fef0795c80b829a078d72188184bcab9dd527/packaging-26.3-py3-none-any.whl", hash = "sha256:d7193f7c8e4e93f444fde0262bf90af30e16fa0ad0ad44cb553c87339b23cd1c", size = 129956, upload-time = "2026-08-04T18:15:27.159Z" },
]

[[package]]
name = "pip"
version = "26.2.1"
source = { registry = "https://pypi.org/simple" }
sdist = { url = "https://files.pythonhosted.org/packages/ae/15/4500e320e6b101ec3b719ae85b697d9940b6cda672bc555bd6016fc60c6f/pip-26.2.1.tar.gz", hash = "sha256:f6ad667e89a1fe78046c8f13232b247200f5258d7828f3f7883d660878e0813f", size = 1848877, upload-time = "2026-08-04T22:51:14.148Z" }
wheels = [
    { url = "https://files.pythonhosted.org/packages/f3/6e/1736e5b4ae2b778ef2f81c47d797de9f891d4d8acb047a24ca37a60294dd/pip-26.2.1-py3-none-any.whl", hash = "sha256:71138adf1f4ca900cdb7d289c21b7494329f2332b6d85f0e1c42108c0384ed3e", size = 1816632, upload-time = "2026-08-04T22:51:12.472Z" },
]

[[package]]
name = "pluggy"
version = "1.6.0"
source = { registry = "https://pypi.org/simple" }
sdist = { url = "https://files.pythonhosted.org/packages/f9/e2/3e91f31a7d2b083fe6ef3fa267035b518369d9511ffab804f839851d2779/pluggy-1.6.0.tar.gz", hash = "sha256:7dcc130b76258d33b90f61b658791dede3486c3e6bfb003ee5c9bfb396dd22f3", size = 69412, upload-time = "2025-05-15T12:30:07.975Z" }
wheels = [
    { url = "https://files.pythonhosted.org/packages/54/20/4d324d65cc6d9205fabedc306948156824eb9f0ee1633355a8f7ec5c66bf/pluggy-1.6.0-py3-none-any.whl", hash = "sha256:e920276dd6813095e9377c0bc5566d94c932c33b27a3e3945d8389c374dd4746", size = 20538, upload-time = "2025-05-15T12:30:06.134Z" },
]

[[package]]
name = "pygments"
version = "2.21.0"
source = { registry = "https://pypi.org/simple" }
sdist = { url = "https://files.pythonhosted.org/packages/49/2e/ced460408999b33da6b31b0021b0f37d329e202d4169aeb164493778f25b/pygments-2.21.0.tar.gz", hash = "sha256:610ca751c9bc2492b38eb9a38a7fbc93edbbb2d7182edaf34e66ae493dee5c8c", size = 5005329, upload-time = "2026-08-17T08:02:48.824Z" }
wheels = [
    { url = "https://files.pythonhosted.org/packages/71/46/17f022dd3e953bf20a04a028a21ec746d942f8d2af30fa0f124fa0e6a684/pygments-2.21.0-py3-none-any.whl", hash = "sha256:2363c69b61c4a97c838da3b130dcd6468f4848992b21a82f2a63ec34377137d9", size = 1250147, upload-time = "2026-08-17T08:02:44.912Z" },
]

[[package]]
name = "pytest"
version = "9.1.1"
source = { registry = "https://pypi.org/simple" }
dependencies = [
    { name = "colorama", marker = "sys_platform == 'win32'" },
    { name = "iniconfig" },
    { name = "packaging" },
    { name = "pluggy" },
    { name = "pygments" },
]
sdist = { url = "https://files.pythonhosted.org/packages/e4/47/b9efed96c114afcfa3c9d3fe98a76a1d14c74a9e266d397cf6eb64be5e01/pytest-9.1.1.tar.gz", hash = "sha256:1088fbde8f2b49d95a549a195707afa7a76a3ce9bcadc26b6d71f0ffda5fe313", size = 1636369, upload-time = "2026-06-19T10:58:32.857Z" }
wheels = [
    { url = "https://files.pythonhosted.org/packages/24/25/1de2678b631f5a49215c6c96fff41ba892b0a34df68d6d80292b1b48aa7f/pytest-9.1.1-py3-none-any.whl", hash = "sha256:37a86b45efb9a47a61a36449063e8e18d0cab3161329fc099eb21783169c4f0c", size = 386536, upload-time = "2026-06-19T10:58:31.347Z" },
]

[[package]]
name = "pyyaml"
version = "6.0.2"
source = { registry = "https://pypi.org/simple" }
sdist = { url = "https://files.pythonhosted.org/packages/54/ed/79a089b6be93607fa5cdaedf301d7dfb23af5f25c398d5ead2525b063e17/pyyaml-6.0.2.tar.gz", hash = "sha256:d584d9ec91ad65861cc08d42e834324ef890a082e591037abe114850ff7bbc3e", size = 130631, upload-time = "2024-08-06T20:33:50.674Z" }
wheels = [
    { url = "https://files.pythonhosted.org/packages/f8/aa/7af4e81f7acba21a4c6be026da38fd2b872ca46226673c89a758ebdc4fd2/PyYAML-6.0.2-cp311-cp311-macosx_10_9_x86_64.whl", hash = "sha256:cc1c1159b3d456576af7a3e4d1ba7e6924cb39de8f67111c735f6fc832082774", size = 184612, upload-time = "2024-08-06T20:32:03.408Z" },
    { url = "https://files.pythonhosted.org/packages/8b/62/b9faa998fd185f65c1371643678e4d58254add437edb764a08c5a98fb986/PyYAML-6.0.2-cp311-cp311-macosx_11_0_arm64.whl", hash = "sha256:1e2120ef853f59c7419231f3bf4e7021f1b936f6ebd222406c3b60212205d2ee", size = 172040, upload-time = "2024-08-06T20:32:04.926Z" },
    { url = "https://files.pythonhosted.org/packages/ad/0c/c804f5f922a9a6563bab712d8dcc70251e8af811fce4524d57c2c0fd49a4/PyYAML-6.0.2-cp311-cp311-manylinux_2_17_aarch64.manylinux2014_aarch64.whl", hash = "sha256:5d225db5a45f21e78dd9358e58a98702a0302f2659a3c6cd320564b75b86f47c", size = 736829, upload-time = "2024-08-06T20:32:06.459Z" },
    { url = "https://files.pythonhosted.org/packages/51/16/6af8d6a6b210c8e54f1406a6b9481febf9c64a3109c541567e35a49aa2e7/PyYAML-6.0.2-cp311-cp311-manylinux_2_17_s390x.manylinux2014_s390x.whl", hash = "sha256:5ac9328ec4831237bec75defaf839f7d4564be1e6b25ac710bd1a96321cc8317", size = 764167, upload-time = "2024-08-06T20:32:08.338Z" },
    { url = "https://files.pythonhosted.org/packages/75/e4/2c27590dfc9992f73aabbeb9241ae20220bd9452df27483b6e56d3975cc5/PyYAML-6.0.2-cp311-cp311-manylinux_2_17_x86_64.manylinux2014_x86_64.whl", hash = "sha256:3ad2a3decf9aaba3d29c8f537ac4b243e36bef957511b4766cb0057d32b0be85", size = 762952, upload-time = "2024-08-06T20:32:14.124Z" },
    { url = "https://files.pythonhosted.org/packages/9b/97/ecc1abf4a823f5ac61941a9c00fe501b02ac3ab0e373c3857f7d4b83e2b6/PyYAML-6.0.2-cp311-cp311-musllinux_1_1_aarch64.whl", hash = "sha256:ff3824dc5261f50c9b0dfb3be22b4567a6f938ccce4587b38952d85fd9e9afe4", size = 735301, upload-time = "2024-08-06T20:32:16.17Z" },
    { url = "https://files.pythonhosted.org/packages/45/73/0f49dacd6e82c9430e46f4a027baa4ca205e8b0a9dce1397f44edc23559d/PyYAML-6.0.2-cp311-cp311-musllinux_1_1_x86_64.whl", hash = "sha256:797b4f722ffa07cc8d62053e4cff1486fa6dc094105d13fea7b1de7d8bf71c9e", size = 756638, upload-time = "2024-08-06T20:32:18.555Z" },
    { url = "https://files.pythonhosted.org/packages/22/5f/956f0f9fc65223a58fbc14459bf34b4cc48dec52e00535c79b8db361aabd/PyYAML-6.0.2-cp311-cp311-win32.whl", hash = "sha256:11d8f3dd2b9c1207dcaf2ee0bbbfd5991f571186ec9cc78427ba5bd32afae4b5", size = 143850, upload-time = "2024-08-06T20:32:19.889Z" },
    { url = "https://files.pythonhosted.org/packages/ed/23/8da0bbe2ab9dcdd11f4f4557ccaf95c10b9811b13ecced089d43ce59c3c8/PyYAML-6.0.2-cp311-cp311-win_amd64.whl", hash = "sha256:e10ce637b18caea04431ce14fabcf5c64a1c61ec9c56b071a4b7ca131ca52d44", size = 161980, upload-time = "2024-08-06T20:32:21.273Z" },
    { url = "https://files.pythonhosted.org/packages/86/0c/c581167fc46d6d6d7ddcfb8c843a4de25bdd27e4466938109ca68492292c/PyYAML-6.0.2-cp312-cp312-macosx_10_9_x86_64.whl", hash = "sha256:c70c95198c015b85feafc136515252a261a84561b7b1d51e3384e0655ddf25ab", size = 183873, upload-time = "2024-08-06T20:32:25.131Z" },
    { url = "https://files.pythonhosted.org/packages/a8/0c/38374f5bb272c051e2a69281d71cba6fdb983413e6758b84482905e29a5d/PyYAML-6.0.2-cp312-cp312-macosx_11_0_arm64.whl", hash = "sha256:ce826d6ef20b1bc864f0a68340c8b3287705cae2f8b4b1d932177dcc76721725", size = 173302, upload-time = "2024-08-06T20:32:26.511Z" },
    { url = "https://files.pythonhosted.org/packages/c3/93/9916574aa8c00aa06bbac729972eb1071d002b8e158bd0e83a3b9a20a1f7/PyYAML-6.0.2-cp312-cp312-manylinux_2_17_aarch64.manylinux2014_aarch64.whl", hash = "sha256:1f71ea527786de97d1a0cc0eacd1defc0985dcf6b3f17bb77dcfc8c34bec4dc5", size = 739154, upload-time = "2024-08-06T20:32:28.363Z" },
    { url = "https://files.pythonhosted.org/packages/95/0f/b8938f1cbd09739c6da569d172531567dbcc9789e0029aa070856f123984/PyYAML-6.0.2-cp312-cp312-manylinux_2_17_s390x.manylinux2014_s390x.whl", hash = "sha256:9b22676e8097e9e22e36d6b7bda33190d0d400f345f23d4065d48f4ca7ae0425", size = 766223, upload-time = "2024-08-06T20:32:30.058Z" },
    { url = "https://files.pythonhosted.org/packages/b9/2b/614b4752f2e127db5cc206abc23a8c19678e92b23c3db30fc86ab731d3bd/PyYAML-6.0.2-cp312-cp312-manylinux_2_17_x86_64.manylinux2014_x86_64.whl", hash = "sha256:80bab7bfc629882493af4aa31a4cfa43a4c57c83813253626916b8c7ada83476", size = 767542, upload-time = "2024-08-06T20:32:31.881Z" },
    { url = "https://files.pythonhosted.org/packages/d4/00/dd137d5bcc7efea1836d6264f049359861cf548469d18da90cd8216cf05f/PyYAML-6.0.2-cp312-cp312-musllinux_1_1_aarch64.whl", hash = "sha256:0833f8694549e586547b576dcfaba4a6b55b9e96098b36cdc7ebefe667dfed48", size = 731164, upload-time = "2024-08-06T20:32:37.083Z" },
    { url = "https://files.pythonhosted.org/packages/c9/1f/4f998c900485e5c0ef43838363ba4a9723ac0ad73a9dc42068b12aaba4e4/PyYAML-6.0.2-cp312-cp312-musllinux_1_1_x86_64.whl", hash = "sha256:8b9c7197f7cb2738065c481a0461e50ad02f18c78cd75775628afb4d7137fb3b", size = 756611, upload-time = "2024-08-06T20:32:38.898Z" },
    { url = "https://files.pythonhosted.org/packages/df/d1/f5a275fdb252768b7a11ec63585bc38d0e87c9e05668a139fea92b80634c/PyYAML-6.0.2-cp312-cp312-win32.whl", hash = "sha256:ef6107725bd54b262d6dedcc2af448a266975032bc85ef0172c5f059da6325b4", size = 140591, upload-time = "2024-08-06T20:32:40.241Z" },
    { url = "https://files.pythonhosted.org/packages/0c/e8/4f648c598b17c3d06e8753d7d13d57542b30d56e6c2dedf9c331ae56312e/PyYAML-6.0.2-cp312-cp312-win_amd64.whl", hash = "sha256:7e7401d0de89a9a855c839bc697c079a4af81cf878373abd7dc625847d25cbd8", size = 156338, upload-time = "2024-08-06T20:32:41.93Z" },
    { url = "https://files.pythonhosted.org/packages/ef/e3/3af305b830494fa85d95f6d95ef7fa73f2ee1cc8ef5b495c7c3269fb835f/PyYAML-6.0.2-cp313-cp313-macosx_10_13_x86_64.whl", hash = "sha256:efdca5630322a10774e8e98e1af481aad470dd62c3170801852d752aa7a783ba", size = 181309, upload-time = "2024-08-06T20:32:43.4Z" },
    { url = "https://files.pythonhosted.org/packages/45/9f/3b1c20a0b7a3200524eb0076cc027a970d320bd3a6592873c85c92a08731/PyYAML-6.0.2-cp313-cp313-macosx_11_0_arm64.whl", hash = "sha256:50187695423ffe49e2deacb8cd10510bc361faac997de9efef88badc3bb9e2d1", size = 171679, upload-time = "2024-08-06T20:32:44.801Z" },
    { url = "https://files.pythonhosted.org/packages/7c/9a/337322f27005c33bcb656c655fa78325b730324c78620e8328ae28b64d0c/PyYAML-6.0.2-cp313-cp313-manylinux_2_17_aarch64.manylinux2014_aarch64.whl", hash = "sha256:0ffe8360bab4910ef1b9e87fb812d8bc0a308b0d0eef8c8f44e0254ab3b07133", size = 733428, upload-time = "2024-08-06T20:32:46.432Z" },
    { url = "https://files.pythonhosted.org/packages/a3/69/864fbe19e6c18ea3cc196cbe5d392175b4cf3d5d0ac1403ec3f2d237ebb5/PyYAML-6.0.2-cp313-cp313-manylinux_2_17_s390x.manylinux2014_s390x.whl", hash = "sha256:17e311b6c678207928d649faa7cb0d7b4c26a0ba73d41e99c4fff6b6c3276484", size = 763361, upload-time = "2024-08-06T20:32:51.188Z" },
    { url = "https://files.pythonhosted.org/packages/04/24/b7721e4845c2f162d26f50521b825fb061bc0a5afcf9a386840f23ea19fa/PyYAML-6.0.2-cp313-cp313-manylinux_2_17_x86_64.manylinux2014_x86_64.whl", hash = "sha256:70b189594dbe54f75ab3a1acec5f1e3faa7e8cf2f1e08d9b561cb41b845f69d5", size = 759523, upload-time = "2024-08-06T20:32:53.019Z" },
    { url = "https://files.pythonhosted.org/packages/2b/b2/e3234f59ba06559c6ff63c4e10baea10e5e7df868092bf9ab40e5b9c56b6/PyYAML-6.0.2-cp313-cp313-musllinux_1_1_aarch64.whl", hash = "sha256:41e4e3953a79407c794916fa277a82531dd93aad34e29c2a514c2c0c5fe971cc", size = 726660, upload-time = "2024-08-06T20:32:54.708Z" },
    { url = "https://files.pythonhosted.org/packages/fe/0f/25911a9f080464c59fab9027482f822b86bf0608957a5fcc6eaac85aa515/PyYAML-6.0.2-cp313-cp313-musllinux_1_1_x86_64.whl", hash = "sha256:68ccc6023a3400877818152ad9a1033e3db8625d899c72eacb5a668902e4d652", size = 751597, upload-time = "2024-08-06T20:32:56.985Z" },
    { url = "https://files.pythonhosted.org/packages/14/0d/e2c3b43bbce3cf6bd97c840b46088a3031085179e596d4929729d8d68270/PyYAML-6.0.2-cp313-cp313-win32.whl", hash = "sha256:bc2fa7c6b47d6bc618dd7fb02ef6fdedb1090ec036abab80d4681424b84c1183", size = 140527, upload-time = "2024-08-06T20:33:03.001Z" },
    { url = "https://files.pythonhosted.org/packages/fa/de/02b54f42487e3d3c6efb3f89428677074ca7bf43aae402517bc7cca949f3/PyYAML-6.0.2-cp313-cp313-win_amd64.whl", hash = "sha256:8388ee1976c416731879ac16da0aff3f63b286ffdd57cdeb95f3f2e085687563", size = 156446, upload-time = "2024-08-06T20:33:04.33Z" },
]

[[package]]
name = "rich"
version = "15.0.0"
source = { registry = "https://pypi.org/simple" }
dependencies = [
    { name = "markdown-it-py" },
    { name = "pygments" },
]
sdist = { url = "https://files.pythonhosted.org/packages/c0/8f/0722ca900cc807c13a6a0c696dacf35430f72e0ec571c4275d2371fca3e9/rich-15.0.0.tar.gz", hash = "sha256:edd07a4824c6b40189fb7ac9bc4c52536e9780fbbfbddf6f1e2502c31b068c36", size = 230680, upload-time = "2026-04-12T08:24:00.75Z" }
wheels = [
    { url = "https://files.pythonhosted.org/packages/82/3b/64d4899d73f91ba49a8c18a8ff3f0ea8f1c1d75481760df8c68ef5235bf5/rich-15.0.0-py3-none-any.whl", hash = "sha256:33bd4ef74232fb73fe9279a257718407f169c09b78a87ad3d296f548e27de0bb", size = 310654, upload-time = "2026-04-12T08:24:02.83Z" },
]

[[package]]
name = "rich-rst"
version = "2.2.0"
source = { registry = "https://pypi.org/simple" }
dependencies = [
    { name = "pygments" },
    { name = "rich" },
]
sdist = { url = "https://files.pythonhosted.org/packages/cf/0e/faf7c7e36630561e3e9611730c47510cd972dd5fde8f95941ff78f76accd/rich_rst-2.2.0.tar.gz", hash = "sha256:b1e6a67f8f694a6f36035624bf73e2b1a0a4be13edaf3ba5e654d9758b61073a", size = 326270, upload-time = "2026-09-27T19:12:42.163Z" }
wheels = [
    { url = "https://files.pythonhosted.org/packages/d1/4e/716b42bf066e180c1235783b46f095a5d871d05dca7006d2295aac29c491/rich_rst-2.2.0-py3-none-any.whl", hash = "sha256:1ea1c43813dc4a8d86475fce27ffb74e0ada3d4656c9f8130ba2a59868055fe9", size = 279274, upload-time = "2026-09-27T19:12:40.548Z" },
]

[[package]]
name = "setuptools"
version = "84.0.0"
source = { registry = "https://pypi.org/simple" }
sdist = { url = "https://files.pythonhosted.org/packages/6d/44/f5da03a8ef95d369145c5bb53050e7877c9f3d312e128605fd9504829143/setuptools-84.0.0.tar.gz", hash = "sha256:f4695c21257f0d9b537ec2692c941d02ee143b7cc1276941349a546573b2ef73", size = 1168449, upload-time = "2026-08-08T18:27:58.365Z" }
wheels = [
    { url = "https://files.pythonhosted.org/packages/95/9c/c510029fc6ef33a6275cd2c5d3cecd6613dfd6aa401d57c54f1c18852ccf/setuptools-84.0.0-py3-none-any.whl", hash = "sha256:51a52592b3b99e102b609654876bd65f19f999935166d1352678931132b0c670", size = 818216, upload-time = "2026-08-08T18:27:56.719Z" },
]

[[package]]
name = "shiv"
version = "1.0.8"
source = { registry = "https://pypi.org/simple" }
dependencies = [
    { name = "click" },
    { name = "pip" },
    { name = "setuptools" },
]
sdist = { url = "https://files.pythonhosted.org/packages/06/85/004e7123b4821c64be6d9bfed27f63147b4dde929a1cd848f137befeada4/shiv-1.0.8.tar.gz", hash = "sha256:2a68d69e98ce81cb5b8fdafbfc1e27efa93e6d89ca14bfae33482e4176f561d6", size = 32806, upload-time = "2024-11-01T19:47:46.189Z" }
wheels = [
    { url = "https://files.pythonhosted.org/packages/e7/ec/afbb46f7c1ab071a50d92424daf149420ca1f0e02dc51239485747151d6c/shiv-1.0.8-py2.py3-none-any.whl", hash = "sha256:a60e4b05a2d2f8b820d567b1d89ee59af731759771c32c282d03c4ceae6aba24", size = 20516, upload-time = "2024-11-01T19:47:45.061Z" },
]

[[package]]
name = "skillz-experiment-bundle"
version = "0.0.0"
source = { virtual = "." }
dependencies = [
    { name = "fromargs" },
]

[package.dev-dependencies]
dev = [
    { name = "basedpyright" },
    { name = "pytest" },
    { name = "pyyaml" },
    { name = "types-pyyaml" },
    { name = "typing-extensions" },
    { name = "vulture" },
]
experiments = [
    { name = "gepa" },
]
wedge = [
    { name = "shiv" },
]

[package.metadata]
requires-dist = [{ name = "fromargs", directory = "lib/fromargs" }]

[package.metadata.requires-dev]
dev = [
    { name = "basedpyright", specifier = "==1.40.1" },
    { name = "pytest", specifier = ">=8" },
    { name = "pyyaml", specifier = "==6.0.2" },
    { name = "types-pyyaml", specifier = "==6.0.12.20260906" },
    { name = "typing-extensions", specifier = "==4.16.0" },
    { name = "vulture", specifier = "==2.16" },
]
experiments = [{ name = "gepa", specifier = "==0.1.4" }]
wedge = [{ name = "shiv", specifier = "==1.0.8" }]

[[package]]
name = "types-pyyaml"
version = "6.0.12.20260906"
source = { registry = "https://pypi.org/simple" }
sdist = { url = "https://files.pythonhosted.org/packages/90/6e/abec85b9013db5b934b0280a6dd104904d84f7bcbaab2e2f3def87ac7463/types_pyyaml-6.0.12.20260906.tar.gz", hash = "sha256:f59c1cc05010b833d2d72287bbaa72610106b28d42d89a907313117faba85212", size = 18649, upload-time = "2026-09-06T06:35:35.362Z" }
wheels = [
    { url = "https://files.pythonhosted.org/packages/15/c0/fc0644b7ddcfb969e95845837143cb5173ddd6e06ee4ba5fc493cd9329b7/types_pyyaml-6.0.12.20260906-py3-none-any.whl", hash = "sha256:bca893ff0d51df5c9053137d5d0e6ccd36e939a196356f1d5c16372422f5137b", size = 21282, upload-time = "2026-09-06T06:35:34.372Z" },
]

[[package]]
name = "typing-extensions"
version = "4.16.0"
source = { registry = "https://pypi.org/simple" }
sdist = { url = "https://files.pythonhosted.org/packages/f6/cc/6253133b5bb138fc3306cebfbda2c520f545d36b5be2c7255cc528bb45d6/typing_extensions-4.16.0.tar.gz", hash = "sha256:dc983d19a509c94dba722ee6abd33940f7c05a89e243c47e907eb4db6f1a43e5", size = 113555, upload-time = "2026-07-02T08:40:05.92Z" }
wheels = [
    { url = "https://files.pythonhosted.org/packages/49/d3/b8441a820a491ddfc024b0b0cf0393375b75ea13866d9c66727e54c2fc80/typing_extensions-4.16.0-py3-none-any.whl", hash = "sha256:481caa481374e813c1b176ada14e97f1f67a4539ce9cfeb3f350d78d6370c2e8", size = 45571, upload-time = "2026-07-02T08:40:04.659Z" },
]

[[package]]
name = "vulture"
version = "2.16"
source = { registry = "https://pypi.org/simple" }
sdist = { url = "https://files.pythonhosted.org/packages/66/3e/4d08c5903b2c0c70cad583c170cc4a663fc6a61e2ad00b711fcda61358cd/vulture-2.16.tar.gz", hash = "sha256:f8d9f6e2af03011664a3c6c240c9765b3f392917d3135fddca6d6a68d359f717", size = 52680, upload-time = "2026-03-25T14:41:27.141Z" }
wheels = [
    { url = "https://files.pythonhosted.org/packages/f5/be/f935130312330614811dae2ea9df3f395f6d63889eb6c2e68c14507152ee/vulture-2.16-py3-none-any.whl", hash = "sha256:6e0f1c312cef1c87856957e5c2ca9608834a7c794c2180477f30bf0e4cc58eee", size = 26993, upload-time = "2026-03-25T14:41:26.21Z" },
]
